
Microsoft Visual Studio Solution File, Format Version 12.00
# Visual Studio Version 17
VisualStudioVersion = 17.3.32804.467
MinimumVisualStudioVersion = 10.0.40219.1
Project("{9A19103F-16F7-4668-BE54-9A1E7A4F7556}") = "IdentityServer", "IdentityServer\IdentityServer.csproj", "{E1170042-63D3-42F0-8421-FE18E935E771}"
EndProject
Project("{2150E333-8FDC-42A3-9474-1A3956D46DE8}") = "IdentityServer", "IdentityServer", "{DDC7C678-FED5-4885-A9D4-A53210D5F270}"
EndProject
Project("{9A19103F-16F7-4668-BE54-9A1E7A4F7556}") = "Pow.WebApi", "Backend\Presentation\Pow.WebApi\Pow.WebApi.csproj", "{39CF959D-7916-4C34-9566-E46231964A58}"
EndProject
Project("{2150E333-8FDC-42A3-9474-1A3956D46DE8}") = "Presentation", "Presentation", "{2A0A1C03-C7E7-41E1-91CD-528EC348DA09}"
EndProject
Project("{2150E333-8FDC-42A3-9474-1A3956D46DE8}") = "Backend", "Backend", "{A80DA6A3-1B87-4273-8F43-B366CA98C75D}"
EndProject
Project("{2150E333-8FDC-42A3-9474-1A3956D46DE8}") = "Core", "Core", "{D8FDB177-D85B-4329-80D8-78CF5CC3038F}"
EndProject
Project("{2150E333-8FDC-42A3-9474-1A3956D46DE8}") = "Application", "Application", "{21D7FDCE-BA58-4327-AFB0-D87091D58BF8}"
EndProject
Project("{2150E333-8FDC-42A3-9474-1A3956D46DE8}") = "Domain", "Domain", "{E754B0DC-68AC-44BB-864A-2A0C2D388463}"
EndProject
Project("{9A19103F-16F7-4668-BE54-9A1E7A4F7556}") = "Pow.Application", "Backend\Application\Pow.Application\Pow.Application.csproj", "{4C5440FA-F3BD-4E43-97ED-0991FD016F81}"
	ProjectSection(ProjectDependencies) = postProject
		{24DDA006-807D-4FF9-AF45-7DC36DCEE1E0} = {24DDA006-807D-4FF9-AF45-7DC36DCEE1E0}
	EndProjectSection
EndProject
Project("{9A19103F-16F7-4668-BE54-9A1E7A4F7556}") = "Pow.Domain", "Backend\Application\Pow.Domain\Pow.Domain.csproj", "{24DDA006-807D-4FF9-AF45-7DC36DCEE1E0}"
EndProject
Project("{2150E333-8FDC-42A3-9474-1A3956D46DE8}") = "Infrastructure", "Infrastructure", "{E0A0B6F2-16E4-4BFA-8E11-620083CE64DF}"
EndProject
Project("{2150E333-8FDC-42A3-9474-1A3956D46DE8}") = "Tests", "Tests", "{E2659A0C-7926-40C6-82B2-9176BDC76E9E}"
EndProject
Project("{9A19103F-16F7-4668-BE54-9A1E7A4F7556}") = "Pow.Persistance", "Backend\Infrastructure\Pow.Persistance\Pow.Persistance.csproj", "{117923EF-EF39-4851-8928-F45F413E72DB}"
EndProject
Project("{9A19103F-16F7-4668-BE54-9A1E7A4F7556}") = "Pow.Persistance.Tests", "Backend\Tests\Pow.Persistance.Tests\Pow.Persistance.Tests.csproj", "{2878D8BE-C626-400F-91B5-1C165CA01D82}"
	ProjectSection(ProjectDependencies) = postProject
		{117923EF-EF39-4851-8928-F45F413E72DB} = {117923EF-EF39-4851-8928-F45F413E72DB}
		{24DDA006-807D-4FF9-AF45-7DC36DCEE1E0} = {24DDA006-807D-4FF9-AF45-7DC36DCEE1E0}
	EndProjectSection
EndProject
Project("{FAE04EC0-301F-11D3-BF4B-00C04F79EFBC}") = "Pow.Persistance.Runner", "Backend\Infrastructure\Pow.Persistance.Runner\Pow.Persistance.Runner.csproj", "{D925816B-078F-4197-9665-26ED8F2934C5}"
EndProject
Global
	GlobalSection(SolutionConfigurationPlatforms) = preSolution
		Debug|Any CPU = Debug|Any CPU
		Release|Any CPU = Release|Any CPU
	EndGlobalSection
	GlobalSection(ProjectConfigurationPlatforms) = postSolution
		{E1170042-63D3-42F0-8421-FE18E935E771}.Debug|Any CPU.ActiveCfg = Debug|Any CPU
		{E1170042-63D3-42F0-8421-FE18E935E771}.Debug|Any CPU.Build.0 = Debug|Any CPU
		{E1170042-63D3-42F0-8421-FE18E935E771}.Release|Any CPU.ActiveCfg = Release|Any CPU
		{E1170042-63D3-42F0-8421-FE18E935E771}.Release|Any CPU.Build.0 = Release|Any CPU
		{39CF959D-7916-4C34-9566-E46231964A58}.Debug|Any CPU.ActiveCfg = Debug|Any CPU
		{39CF959D-7916-4C34-9566-E46231964A58}.Debug|Any CPU.Build.0 = Debug|Any CPU
		{39CF959D-7916-4C34-9566-E46231964A58}.Release|Any CPU.ActiveCfg = Release|Any CPU
		{39CF959D-7916-4C34-9566-E46231964A58}.Release|Any CPU.Build.0 = Release|Any CPU
		{4C5440FA-F3BD-4E43-97ED-0991FD016F81}.Debug|Any CPU.ActiveCfg = Debug|Any CPU
		{4C5440FA-F3BD-4E43-97ED-0991FD016F81}.Debug|Any CPU.Build.0 = Debug|Any CPU
		{4C5440FA-F3BD-4E43-97ED-0991FD016F81}.Release|Any CPU.ActiveCfg = Release|Any CPU
		{4C5440FA-F3BD-4E43-97ED-0991FD016F81}.Release|Any CPU.Build.0 = Release|Any CPU
		{24DDA006-807D-4FF9-AF45-7DC36DCEE1E0}.Debug|Any CPU.ActiveCfg = Debug|Any CPU
		{24DDA006-807D-4FF9-AF45-7DC36DCEE1E0}.Debug|Any CPU.Build.0 = Debug|Any CPU
		{24DDA006-807D-4FF9-AF45-7DC36DCEE1E0}.Release|Any CPU.ActiveCfg = Release|Any CPU
		{24DDA006-807D-4FF9-AF45-7DC36DCEE1E0}.Release|Any CPU.Build.0 = Release|Any CPU
		{117923EF-EF39-4851-8928-F45F413E72DB}.Debug|Any CPU.ActiveCfg = Debug|Any CPU
		{117923EF-EF39-4851-8928-F45F413E72DB}.Debug|Any CPU.Build.0 = Debug|Any CPU
		{117923EF-EF39-4851-8928-F45F413E72DB}.Release|Any CPU.ActiveCfg = Release|Any CPU
		{117923EF-EF39-4851-8928-F45F413E72DB}.Release|Any CPU.Build.0 = Release|Any CPU
		{2878D8BE-C626-400F-91B5-1C165CA01D82}.Debug|Any CPU.ActiveCfg = Debug|Any CPU
		{2878D8BE-C626-400F-91B5-1C165CA01D82}.Debug|Any CPU.Build.0 = Debug|Any CPU
		{2878D8BE-C626-400F-91B5-1C165CA01D82}.Release|Any CPU.ActiveCfg = Release|Any CPU
		{2878D8BE-C626-400F-91B5-1C165CA01D82}.Release|Any CPU.Build.0 = Release|Any CPU
		{D925816B-078F-4197-9665-26ED8F2934C5}.Debug|Any CPU.ActiveCfg = Debug|Any CPU
		{D925816B-078F-4197-9665-26ED8F2934C5}.Debug|Any CPU.Build.0 = Debug|Any CPU
		{D925816B-078F-4197-9665-26ED8F2934C5}.Release|Any CPU.ActiveCfg = Release|Any CPU
		{D925816B-078F-4197-9665-26ED8F2934C5}.Release|Any CPU.Build.0 = Release|Any CPU
	EndGlobalSection
	GlobalSection(SolutionProperties) = preSolution
		HideSolutionNode = FALSE
	EndGlobalSection
	GlobalSection(NestedProjects) = preSolution
		{E1170042-63D3-42F0-8421-FE18E935E771} = {DDC7C678-FED5-4885-A9D4-A53210D5F270}
		{39CF959D-7916-4C34-9566-E46231964A58} = {2A0A1C03-C7E7-41E1-91CD-528EC348DA09}
		{2A0A1C03-C7E7-41E1-91CD-528EC348DA09} = {A80DA6A3-1B87-4273-8F43-B366CA98C75D}
		{D8FDB177-D85B-4329-80D8-78CF5CC3038F} = {A80DA6A3-1B87-4273-8F43-B366CA98C75D}
		{21D7FDCE-BA58-4327-AFB0-D87091D58BF8} = {D8FDB177-D85B-4329-80D8-78CF5CC3038F}
		{E754B0DC-68AC-44BB-864A-2A0C2D388463} = {D8FDB177-D85B-4329-80D8-78CF5CC3038F}
		{4C5440FA-F3BD-4E43-97ED-0991FD016F81} = {21D7FDCE-BA58-4327-AFB0-D87091D58BF8}
		{24DDA006-807D-4FF9-AF45-7DC36DCEE1E0} = {E754B0DC-68AC-44BB-864A-2A0C2D388463}
		{E0A0B6F2-16E4-4BFA-8E11-620083CE64DF} = {A80DA6A3-1B87-4273-8F43-B366CA98C75D}
		{E2659A0C-7926-40C6-82B2-9176BDC76E9E} = {A80DA6A3-1B87-4273-8F43-B366CA98C75D}
		{117923EF-EF39-4851-8928-F45F413E72DB} = {E0A0B6F2-16E4-4BFA-8E11-620083CE64DF}
		{2878D8BE-C626-400F-91B5-1C165CA01D82} = {E2659A0C-7926-40C6-82B2-9176BDC76E9E}
		{D925816B-078F-4197-9665-26ED8F2934C5} = {E0A0B6F2-16E4-4BFA-8E11-620083CE64DF}
	EndGlobalSection
	GlobalSection(ExtensibilityGlobals) = postSolution
		SolutionGuid = {811023DD-E958-427F-8BF8-6A9B473A6F37}
	EndGlobalSection
EndGlobal
